{
  "name": "smart_home_api",
  "version": "1.5.0",
  "lockfileVersion": 1,
  "requires": true,
  "dependencies": {
    "@babel/parser": {
      "version": "7.6.2",
      "resolved": "https://registry.npmjs.org/@babel/parser/-/parser-7.6.2.tgz",
      "integrity": "sha512-mdFqWrSPCmikBoaBYMuBulzTIKuXVPtEISFbRRVNwMWpCms/hmE2kRq0bblUHaNRKrjRlmVbx1sDHmjmRgD2Xg=="
    },
    "@hapi/address": {
      "version": "2.1.2",
      "resolved": "https://registry.npmjs.org/@hapi/address/-/address-2.1.2.tgz",
      "integrity": "sha512-O4QDrx+JoGKZc6aN64L04vqa7e41tIiLU+OvKdcYaEMP97UttL0f9GIi9/0A4WAMx0uBd6SidDIhktZhgOcN8Q=="
    },
    "@hapi/bourne": {
      "version": "1.3.2",
      "resolved": "https://registry.npmjs.org/@hapi/bourne/-/bourne-1.3.2.tgz",
      "integrity": "sha512-1dVNHT76Uu5N3eJNTYcvxee+jzX4Z9lfciqRRHCU27ihbUcYi+iSc2iml5Ke1LXe1SyJCLA0+14Jh4tXJgOppA=="
    },
    "@hapi/hoek": {
      "version": "8.3.0",
      "resolved": "https://registry.npmjs.org/@hapi/hoek/-/hoek-8.3.0.tgz",
      "integrity": "sha512-C0QL9bmgUXTSuf8nDeGrpMjtJG7tPUr8wG6/wxPbP62tGwCwQtdMSJYfESowmY4P3Hn593f+8OzNY5bckcu/LQ=="
    },
    "@hapi/joi": {
      "version": "15.1.1",
      "resolved": "https://registry.npmjs.org/@hapi/joi/-/joi-15.1.1.tgz",
      "integrity": "sha512-entf8ZMOK8sc+8YfeOlM8pCfg3b5+WZIKBfUaaJT8UsjAAPjartzxIYm3TIbjvA4u+u++KbcXD38k682nVHDAQ==",
      "requires": {
        "@hapi/address": "2.x.x",
        "@hapi/bourne": "1.x.x",
        "@hapi/hoek": "8.x.x",
        "@hapi/topo": "3.x.x"
      }
    },
    "@hapi/topo": {
      "version": "3.1.5",
      "resolved": "https://registry.npmjs.org/@hapi/topo/-/topo-3.1.5.tgz",
      "integrity": "sha512-bi9m1jrui9LlvtVdLaHv0DqeOoe+I8dep+nEcTgW6XxJHL3xArQcilYz3tIp0cRC4gWlsVtABK7vNKg4jzEmAA==",
      "requires": {
        "@hapi/hoek": "8.x.x"
      }
    },
    "abbrev": {
      "version": "1.1.1",
      "resolved": "https://registry.npmjs.org/abbrev/-/abbrev-1.1.1.tgz",
      "integrity": "sha512-nne9/IiQ/hzIhY6pdDnbBtz7DjPTKrY00P/zvPSm5pOFkl6xuGrGnXn/VtTNNfNtAfZ9/1RtehkszU9qcTii0Q=="
    },
    "access-control": {
      "version": "1.0.1",
      "resolved": "https://registry.npmjs.org/access-control/-/access-control-1.0.1.tgz",
      "integrity": "sha512-H5aqjkogmFxfaOrfn/e42vyspHVXuJ8er63KuljJXpOyJ1ZO/U5CrHfO8BLKIy2w7mBM02L5quL0vbfQqrGQbA==",
      "requires": {
        "millisecond": "~0.1.2",
        "setheader": "~1.0.0",
        "vary": "~1.1.0"
      }
    },
    "actionhero": {
      "version": "17.1.3",
      "resolved": "https://registry.npmjs.org/actionhero/-/actionhero-17.1.3.tgz",
      "integrity": "sha512-CEoxNK7m3ty3k8XATAgmX7muvrcD2Pmz85ZJrwF3qTZSnAPbvgGs0FAp0qHsryezNWCa56iLJabsyJAIlwdcNw==",
      "requires": {
        "async": "^2.6.0",
        "browser_fingerprint": "^0.1.0",
        "dot-prop": "^4.1.1",
        "etag": "^1.8.1",
        "fakeredis": "^2.0.0",
        "formidable": "^1.0.17",
        "i18n": "^0.8.3",
        "ioredis": "^3.2.2",
        "is-running": "^2.0.1",
        "jsdoc": "^3.5.5",
        "mime": "^1.6.0",
        "node-resque": "^4.0.9",
        "optimist": "^0.6.1",
        "primus": "^7.1.0",
        "qs": "^6.5.1",
        "uglify-js": "^3.3.4",
        "uuid": "^3.1.0",
        "winston": "^2.4.0",
        "ws": "^3.3.3"
      }
    },
    "ah-swagger-plugin": {
      "version": "1.0.1",
      "resolved": "https://registry.npmjs.org/ah-swagger-plugin/-/ah-swagger-plugin-1.0.1.tgz",
      "integrity": "sha1-CYRa9A9WTlpOaVrsp21O7MPjNmI="
    },
    "ambi": {
      "version": "2.5.0",
      "resolved": "https://registry.npmjs.org/ambi/-/ambi-2.5.0.tgz",
      "integrity": "sha1-fI43K+SIkRV+fOoBy2+RQ9H3QiA=",
      "requires": {
        "editions": "^1.1.1",
        "typechecker": "^4.3.0"
      },
      "dependencies": {
        "typechecker": {
          "version": "4.7.0",
          "resolved": "https://registry.npmjs.org/typechecker/-/typechecker-4.7.0.tgz",
          "integrity": "sha512-4LHc1KMNJ6NDGO+dSM/yNfZQRtp8NN7psYrPHUblD62Dvkwsp3VShsbM78kOgpcmMkRTgvwdKOTjctS+uMllgQ==",
          "requires": {
            "editions": "^2.1.0"
          },
          "dependencies": {
            "editions": {
              "version": "2.2.0",
              "resolved": "https://registry.npmjs.org/editions/-/editions-2.2.0.tgz",
              "integrity": "sha512-RYg3iEA2BDLCNVe8PUkD+ox5vAKxB9XS/mAhx1bdxGCF0CpX077C0pyTA9t5D6idCYA3avl5/XDHKPsHFrygfw==",
              "requires": {
                "errlop": "^1.1.2",
                "semver": "^6.3.0"
              }
            }
          }
        }
      }
    },
    "argparse": {
      "version": "1.0.10",
      "resolved": "https://registry.npmjs.org/argparse/-/argparse-1.0.10.tgz",
      "integrity": "sha512-o5Roy6tNG4SL/FOkCAN6RzjiakZS25RLYFrcMttJqbdd8BWrnA+fGz57iN5Pb06pvBGvl5gQ0B48dJlslXvoTg==",
      "requires": {
        "sprintf-js": "~1.0.2"
      },
      "dependencies": {
        "sprintf-js": {
          "version": "1.0.3",
          "resolved": "https://registry.npmjs.org/sprintf-js/-/sprintf-js-1.0.3.tgz",
          "integrity": "sha1-BOaSb2YolTVPPdAVIDYzuFcpfiw="
        }
      }
    },
    "async": {
      "version": "2.6.3",
      "resolved": "https://registry.npmjs.org/async/-/async-2.6.3.tgz",
      "integrity": "sha512-zflvls11DCy+dQWzTW2dzuilv8Z5X/pjfmZOWba6TNIVDm+2UDaJmXSOXlasHKfNBs8oo3M0aT50fDEWfKZjXg==",
      "requires": {
        "lodash": "^4.17.14"
      }
    },
    "async-limiter": {
      "version": "1.0.1",
      "resolved": "https://registry.npmjs.org/async-limiter/-/async-limiter-1.0.1.tgz",
      "integrity": "sha512-csOlWGAcRFJaI6m+F2WKdnMKr4HhdhFVBk0H/QbJFMCr+uO2kwohwXQPxw/9OCxp05r5ghVBFSyioixx3gfkNQ=="
    },
    "asyncemit": {
      "version": "3.0.1",
      "resolved": "https://registry.npmjs.org/asyncemit/-/asyncemit-3.0.1.tgz",
      "integrity": "sha1-zD4P4No5tTzBXls6qGFupqcr1Zk="
    },
    "balanced-match": {
      "version": "1.0.0",
      "resolved": "https://registry.npmjs.org/balanced-match/-/balanced-match-1.0.0.tgz",
      "integrity": "sha1-ibTRmasr7kneFk6gK4nORi1xt2c="
    },
    "binary-search-tree": {
      "version": "0.2.5",
      "resolved": "https://registry.npmjs.org/binary-search-tree/-/binary-search-tree-0.2.5.tgz",
      "integrity": "sha1-fbs7IQ/coIJFDa0jNMMErzm9x4Q=",
      "requires": {
        "underscore": "~1.4.4"
      },
      "dependencies": {
        "underscore": {
          "version": "1.4.4",
          "resolved": "https://registry.npmjs.org/underscore/-/underscore-1.4.4.tgz",
          "integrity": "sha1-YaajIBBiKvoHljvzJSA88SI51gQ="
        }
      }
    },
    "bluebird": {
      "version": "3.7.0",
      "resolved": "https://registry.npmjs.org/bluebird/-/bluebird-3.7.0.tgz",
      "integrity": "sha512-aBQ1FxIa7kSWCcmKHlcHFlT2jt6J/l4FzC7KcPELkOJOsPOb/bccdhmIrKDfXhwFrmc7vDoDrrepFvGqjyXGJg=="
    },
    "brace-expansion": {
      "version": "1.1.11",
      "resolved": "https://registry.npmjs.org/brace-expansion/-/brace-expansion-1.1.11.tgz",
      "integrity": "sha512-iCuPHDFgrHX7H2vEI/5xpz07zSHB00TpugqhmYtVmMO6518mCuRMoOYFldEBl0g187ufozdaHgWKcYFb61qGiA==",
      "requires": {
        "balanced-match": "^1.0.0",
        "concat-map": "0.0.1"
      }
    },
    "browser_fingerprint": {
      "version": "0.1.0",
      "resolved": "https://registry.npmjs.org/browser_fingerprint/-/browser_fingerprint-0.1.0.tgz",
      "integrity": "sha1-lnp3+hgFnhzihpSBb+NmSIPE0Gk="
    },
    "catharsis": {
      "version": "0.8.11",
      "resolved": "https://registry.npmjs.org/catharsis/-/catharsis-0.8.11.tgz",
      "integrity": "sha512-a+xUyMV7hD1BrDQA/3iPV7oc+6W26BgVJO05PGEoatMyIuPScQKsde6i3YorWX1qs+AZjnJ18NqdKoCtKiNh1g==",
      "requires": {
        "lodash": "^4.17.14"
      }
    },
    "cluster-key-slot": {
      "version": "1.1.0",
      "resolved": "https://registry.npmjs.org/cluster-key-slot/-/cluster-key-slot-1.1.0.tgz",
      "integrity": "sha512-2Nii8p3RwAPiFwsnZvukotvow2rIHM+yQ6ZcBXGHdniadkYGZYiGmkHJIbZPIV9nfv7m/U1IPMVVcAhoWFeklw=="
    },
    "color": {
      "version": "3.0.0",
      "resolved": "https://registry.npmjs.org/color/-/color-3.0.0.tgz",
      "integrity": "sha512-jCpd5+s0s0t7p3pHQKpnJ0TpQKKdleP71LWcA0aqiljpiuAkOSUFN/dyH8ZwF0hRmFlrIuRhufds1QyEP9EB+w==",
      "requires": {
        "color-convert": "^1.9.1",
        "color-string": "^1.5.2"
      }
    },
    "color-convert": {
      "version": "1.9.3",
      "resolved": "https://registry.npmjs.org/color-convert/-/color-convert-1.9.3.tgz",
      "integrity": "sha512-QfAUtd+vFdAtFQcC8CCyYt1fYWxSqAiK2cSD6zDB8N3cpsEBAvRxp9zOGg6G/SHHJYAT88/az/IuDGALsNVbGg==",
      "requires": {
        "color-name": "1.1.3"
      }
    },
    "color-name": {
      "version": "1.1.3",
      "resolved": "https://registry.npmjs.org/color-name/-/color-name-1.1.3.tgz",
      "integrity": "sha1-p9BVi9icQveV3UIyj3QIMcpTvCU="
    },
    "color-string": {
      "version": "1.5.3",
      "resolved": "https://registry.npmjs.org/color-string/-/color-string-1.5.3.tgz",
      "integrity": "sha512-dC2C5qeWoYkxki5UAXapdjqO672AM4vZuPGRQfO8b5HKuKGBbKWpITyDYN7TOFKvRW7kOgAn3746clDBMDJyQw==",
      "requires": {
        "color-name": "^1.0.0",
        "simple-swizzle": "^0.2.2"
      }
    },
    "colornames": {
      "version": "1.1.1",
      "resolved": "https://registry.npmjs.org/colornames/-/colornames-1.1.1.tgz",
      "integrity": "sha1-+IiQMGhcfE/54qVZ9Qd+t2qBb5Y="
    },
    "colors": {
      "version": "1.0.3",
      "resolved": "https://registry.npmjs.org/colors/-/colors-1.0.3.tgz",
      "integrity": "sha1-BDP0TYCWgP3rYO0mDxsMJi6CpAs="
    },
    "colorspace": {
      "version": "1.1.2",
      "resolved": "https://registry.npmjs.org/colorspace/-/colorspace-1.1.2.tgz",
      "integrity": "sha512-vt+OoIP2d76xLhjwbBaucYlNSpPsrJWPlBTtwCpQKIu6/CSMutyzX93O/Do0qzpH3YoHEes8YEFXyZ797rEhzQ==",
      "requires": {
        "color": "3.0.x",
        "text-hex": "1.0.x"
      }
    },
    "commander": {
      "version": "2.20.1",
      "resolved": "https://registry.npmjs.org/commander/-/commander-2.20.1.tgz",
      "integrity": "sha512-cCuLsMhJeWQ/ZpsFTbE765kvVfoeSddc4nU3up4fV+fDBcfUXnbITJ+JzhkdjzOqhURjZgujxaioam4RM9yGUg=="
    },
    "concat-map": {
      "version": "0.0.1",
      "resolved": "https://registry.npmjs.org/concat-map/-/concat-map-0.0.1.tgz",
      "integrity": "sha1-2Klr13/Wjfd5OnMDajug1UBdR3s="
    },
    "connected": {
      "version": "0.0.2",
      "resolved": "https://registry.npmjs.org/connected/-/connected-0.0.2.tgz",
      "integrity": "sha1-e1dVshbOMf+rzMOOn04d/Bw7fG0="
    },
    "create-server": {
      "version": "1.0.2",
      "resolved": "https://registry.npmjs.org/create-server/-/create-server-1.0.2.tgz",
      "integrity": "sha512-hie+Kyero+jxt6dwKhLKtN23qSNiMn8mNIEjTjwzaZwH2y4tr4nYloeFrpadqV+ZqV9jQ15t3AKotaK8dOo45w==",
      "requires": {
        "connected": "~0.0.2"
      }
    },
    "csextends": {
      "version": "1.2.0",
      "resolved": "https://registry.npmjs.org/csextends/-/csextends-1.2.0.tgz",
      "integrity": "sha512-S/8k1bDTJIwuGgQYmsRoE+8P+ohV32WhQ0l4zqrc0XDdxOhjQQD7/wTZwCzoZX53jSX3V/qwjT+OkPTxWQcmjg=="
    },
    "cycle": {
      "version": "1.0.3",
      "resolved": "https://registry.npmjs.org/cycle/-/cycle-1.0.3.tgz",
      "integrity": "sha1-IegLK+hYD5i0aPN5QwZisEbDStI="
    },
    "debug": {
      "version": "4.1.1",
      "resolved": "https://registry.npmjs.org/debug/-/debug-4.1.1.tgz",
      "integrity": "sha512-pYAIzeRo8J6KPEaJ0VWOh5Pzkbw/RetuzehGM7QRRX5he4fPHx2rdKMB256ehJCkX+XRQm16eZLqLNS8RSZXZw==",
      "requires": {
        "ms": "^2.1.1"
      }
    },
    "denque": {
      "version": "1.4.1",
      "resolved": "https://registry.npmjs.org/denque/-/denque-1.4.1.tgz",
      "integrity": "sha512-OfzPuSZKGcgr96rf1oODnfjqBFmr1DVoc/TrItj3Ohe0Ah1C5WX5Baquw/9U9KovnQ88EqmJbD66rKYUQYN1tQ=="
    },
    "diagnostics": {
      "version": "2.0.2",
      "resolved": "https://registry.npmjs.org/diagnostics/-/diagnostics-2.0.2.tgz",
      "integrity": "sha512-gvnlQHwkWTOeSM1iRNEwPcUuUwlhovzbuQzalKrTbcJhI5cvhtkRVZZqomwZt4pCl2dvbsugD6yyu+66rtMy3Q==",
      "requires": {
        "colorspace": "1.1.x",
        "enabled": "2.0.x",
        "kuler": "^2.0.0",
        "storage-engine": "3.0.x"
      },
      "dependencies": {
        "enabled": {
          "version": "2.0.0",
          "resolved": "https://registry.npmjs.org/enabled/-/enabled-2.0.0.tgz",
          "integrity": "sha512-AKrN98kuwOzMIdAizXGI86UFBoo26CL21UM763y1h/GMSJ4/OHU9k2YlsmBpyScFo/wbLzWQJBMCW4+IO3/+OQ=="
        },
        "kuler": {
          "version": "2.0.0",
          "resolved": "https://registry.npmjs.org/kuler/-/kuler-2.0.0.tgz",
          "integrity": "sha512-Xq9nH7KlWZmXAtodXDDRE7vs6DU1gTU8zYDHDiWLSip45Egwq3plLHzPn27NgvzL2r1LMPC1vdqh98sQxtqj4A=="
        }
      }
    },
    "dot-prop": {
      "version": "4.2.0",
      "resolved": "https://registry.npmjs.org/dot-prop/-/dot-prop-4.2.0.tgz",
      "integrity": "sha512-tUMXrxlExSW6U2EXiiKGSBVdYgtV8qlHL+C10TsW4PURY/ic+eaysnSkwB4kA/mBlCyy/IKDJ+Lc3wbWeaXtuQ==",
      "requires": {
        "is-obj": "^1.0.0"
      }
    },
    "double-ended-queue": {
      "version": "2.1.0-0",
      "resolved": "https://registry.npmjs.org/double-ended-queue/-/double-ended-queue-2.1.0-0.tgz",
      "integrity": "sha1-ED01J/0xUo9AGIEwyEHv3XgmTlw="
    },
    "eachr": {
      "version": "2.0.4",
      "resolved": "https://registry.npmjs.org/eachr/-/eachr-2.0.4.tgz",
      "integrity": "sha1-Rm98qhBwj2EFCeMsgHqv5X/BIr8=",
      "requires": {
        "typechecker": "^2.0.8"
      }
    },
    "editions": {
      "version": "1.3.4",
      "resolved": "https://registry.npmjs.org/editions/-/editions-1.3.4.tgz",
      "integrity": "sha512-gzao+mxnYDzIysXKMQi/+M1mjy/rjestjg6OPoYTtI+3Izp23oiGZitsl9lPDPiTGXbcSIk1iJWhliSaglxnUg=="
    },
    "emits": {
      "version": "3.0.0",
      "resolved": "https://registry.npmjs.org/emits/-/emits-3.0.0.tgz",
      "integrity": "sha1-MnUrupXhcHshlWI4Srm7ix/WL3A="
    },
    "enabled": {
      "version": "1.0.2",
      "resolved": "https://registry.npmjs.org/enabled/-/enabled-1.0.2.tgz",
      "integrity": "sha1-ll9lE9LC0cX0ZStkouM5ZGf8L5M=",
      "requires": {
        "env-variable": "0.0.x"
      }
    },
    "entities": {
      "version": "1.1.2",
      "resolved": "https://registry.npmjs.org/entities/-/entities-1.1.2.tgz",
      "integrity": "sha512-f2LZMYl1Fzu7YSBKg+RoROelpOaNrcGmE9AZubeDfrCEia483oW4MI4VyFd5VNHIgQ/7qm1I0wUHK1eJnn2y2w=="
    },
    "env-variable": {
      "version": "0.0.5",
      "resolved": "https://registry.npmjs.org/env-variable/-/env-variable-0.0.5.tgz",
      "integrity": "sha512-zoB603vQReOFvTg5xMl9I1P2PnHsHQQKTEowsKKD7nseUfJq6UWzK+4YtlWUO1nhiQUxe6XMkk+JleSZD1NZFA=="
    },
    "errlop": {
      "version": "1.1.2",
      "resolved": "https://registry.npmjs.org/errlop/-/errlop-1.1.2.tgz",
      "integrity": "sha512-djkRp+urJ+SmqDBd7F6LUgm4Be1TTYBxia2bhjNdFBuBDQtJDHExD2VbxR6eyst3h1TZy3qPRCdqb6FBoFttTA==",
      "requires": {
        "editions": "^2.1.3"
      },
      "dependencies": {
        "editions": {
          "version": "2.2.0",
          "resolved": "https://registry.npmjs.org/editions/-/editions-2.2.0.tgz",
          "integrity": "sha512-RYg3iEA2BDLCNVe8PUkD+ox5vAKxB9XS/mAhx1bdxGCF0CpX077C0pyTA9t5D6idCYA3avl5/XDHKPsHFrygfw==",
          "requires": {
            "errlop": "^1.1.2",
            "semver": "^6.3.0"
          }
        }
      }
    },
    "escape-string-regexp": {
      "version": "2.0.0",
      "resolved": "https://registry.npmjs.org/escape-string-regexp/-/escape-string-regexp-2.0.0.tgz",
      "integrity": "sha512-UpzcLCXolUWcNu5HtVMHYdXJjArjsF9C0aNnquZYY4uW/Vu0miy5YoWvbV345HauVvcAUnpRuhMMcqTcGOY2+w=="
    },
    "etag": {
      "version": "1.8.1",
      "resolved": "https://registry.npmjs.org/etag/-/etag-1.8.1.tgz",
      "integrity": "sha1-Qa4u62XvpiJorr/qg6x9eSmbCIc="
    },
    "eventemitter3": {
      "version": "3.1.2",
      "resolved": "https://registry.npmjs.org/eventemitter3/-/eventemitter3-3.1.2.tgz",
      "integrity": "sha512-tvtQIeLVHjDkJYnzf2dgVMxfuSGJeM/7UCG17TT4EumTfNtF+0nebF/4zWOIkCreAbtNqhGEboB6BWrwqNaw4Q=="
    },
    "extendible": {
      "version": "0.1.1",
      "resolved": "https://registry.npmjs.org/extendible/-/extendible-0.1.1.tgz",
      "integrity": "sha1-4qN+2HEp+0+VM+io11BiMKU5yQU="
    },
    "extendr": {
      "version": "2.1.0",
      "resolved": "https://registry.npmjs.org/extendr/-/extendr-2.1.0.tgz",
      "integrity": "sha1-MBqgu+pWX00tyPVw8qImEahSe1Y=",
      "requires": {
        "typechecker": "~2.0.1"
      },
      "dependencies": {
        "typechecker": {
          "version": "2.0.8",
          "resolved": "https://registry.npmjs.org/typechecker/-/typechecker-2.0.8.tgz",
          "integrity": "sha1-6D2oS7ZMWEzLNFg4V2xAsDN9uC4="
        }
      }
    },
    "extract-opts": {
      "version": "2.2.0",
      "resolved": "https://registry.npmjs.org/extract-opts/-/extract-opts-2.2.0.tgz",
      "integrity": "sha1-H6KOunNSxttID4hc63GkaBC+bX0=",
      "requires": {
        "typechecker": "~2.0.1"
      },
      "dependencies": {
        "typechecker": {
          "version": "2.0.8",
          "resolved": "https://registry.npmjs.org/typechecker/-/typechecker-2.0.8.tgz",
          "integrity": "sha1-6D2oS7ZMWEzLNFg4V2xAsDN9uC4="
        }
      }
    },
    "eyes": {
      "version": "0.1.8",
      "resolved": "https://registry.npmjs.org/eyes/-/eyes-0.1.8.tgz",
      "integrity": "sha1-Ys8SAjTGg3hdkCNIqADvPgzCC8A="
    },
    "fakeredis": {
      "version": "2.0.0",
      "resolved": "https://registry.npmjs.org/fakeredis/-/fakeredis-2.0.0.tgz",
      "integrity": "sha1-dS+4MoGazjG+iGaM8TWNbxQ4r8A=",
      "requires": {
        "redis": "2.6.0-0"
      }
    },
    "flexbuffer": {
      "version": "0.0.6",
      "resolved": "https://registry.npmjs.org/flexbuffer/-/flexbuffer-0.0.6.tgz",
      "integrity": "sha1-A5/fI/iCPkQMOPMnfm/vEXQhWzA="
    },
    "formidable": {
      "version": "1.2.1",
      "resolved": "https://registry.npmjs.org/formidable/-/formidable-1.2.1.tgz",
      "integrity": "sha512-Fs9VRguL0gqGHkXS5GQiMCr1VhZBxz0JnJs4JmMp/2jL18Fmbzvv7vOFRU+U8TBkHEE/CX1qDXzJplVULgsLeg=="
    },
    "forwarded-for": {
      "version": "1.0.1",
      "resolved": "https://registry.npmjs.org/forwarded-for/-/forwarded-for-1.0.1.tgz",
      "integrity": "sha1-59pIFAJRaP/AoQ0/954UFfRq9Gk="
    },
    "fusing": {
      "version": "1.0.0",
      "resolved": "https://registry.npmjs.org/fusing/-/fusing-1.0.0.tgz",
      "integrity": "sha1-VQwV12r5Jld4qgUezkTUAAoJjUU=",
      "requires": {
        "emits": "3.0.x",
        "predefine": "0.1.x"
      }
    },
    "glob": {
      "version": "6.0.4",
      "resolved": "https://registry.npmjs.org/glob/-/glob-6.0.4.tgz",
      "integrity": "sha1-DwiGD2oVUSey+t1PnOJLGqtuTSI=",
      "requires": {
        "inflight": "^1.0.4",
        "inherits": "2",
        "minimatch": "2 || 3",
        "once": "^1.3.0",
        "path-is-absolute": "^1.0.0"
      }
    },
    "graceful-fs": {
      "version": "4.2.2",
      "resolved": "https://registry.npmjs.org/graceful-fs/-/graceful-fs-4.2.2.tgz",
      "integrity": "sha512-IItsdsea19BoLC7ELy13q1iJFNmd7ofZH5+X/pJr90/nRoPEX0DJo1dHDbgtYWOhJhcCgMDTOw84RZ72q6lB+Q=="
    },
    "i18n": {
      "version": "0.8.3",
      "resolved": "https://registry.npmjs.org/i18n/-/i18n-0.8.3.tgz",
      "integrity": "sha1-LYzxwkciYCwgQdAbpq5eqlE4jw4=",
      "requires": {
        "debug": "*",
        "make-plural": "^3.0.3",
        "math-interval-parser": "^1.1.0",
        "messageformat": "^0.3.1",
        "mustache": "*",
        "sprintf-js": ">=1.0.3"
      }
    },
    "ignorefs": {
      "version": "1.2.0",
      "resolved": "https://registry.npmjs.org/ignorefs/-/ignorefs-1.2.0.tgz",
      "integrity": "sha1-2ln7hYl25KXkNwLM0fKC/byeV1Y=",
      "requires": {
        "editions": "^1.3.3",
        "ignorepatterns": "^1.1.0"
      }
    },
    "ignorepatterns": {
      "version": "1.1.0",
      "resolved": "https://registry.npmjs.org/ignorepatterns/-/ignorepatterns-1.1.0.tgz",
      "integrity": "sha1-rI9DbyI5td+2bV8NOpBKh6xnzF4="
    },
    "immediate": {
      "version": "3.0.6",
      "resolved": "https://registry.npmjs.org/immediate/-/immediate-3.0.6.tgz",
      "integrity": "sha1-nbHb0Pr43m++D13V5Wu2BigN5ps="
    },
    "inflight": {
      "version": "1.0.6",
      "resolved": "https://registry.npmjs.org/inflight/-/inflight-1.0.6.tgz",
      "integrity": "sha1-Sb1jMdfQLQwJvJEKEHW6gWW1bfk=",
      "requires": {
        "once": "^1.3.0",
        "wrappy": "1"
      }
    },
    "inherits": {
      "version": "2.0.4",
      "resolved": "https://registry.npmjs.org/inherits/-/inherits-2.0.4.tgz",
      "integrity": "sha512-k/vGaX4/Yla3WzyMCvTQOXYeIHvqOKtnqBduzTHpzpQZzAskKMhZ2K+EnBiSM9zGSoIFeMpXKxa4dYeZIQqewQ=="
    },
    "ioredis": {
      "version": "3.2.2",
      "resolved": "https://registry.npmjs.org/ioredis/-/ioredis-3.2.2.tgz",
      "integrity": "sha512-g+ShTQYLsCcOUkNOK6CCEZbj3aRDVPw3WOwXk+LxlUKvuS9ujEqP2MppBHyRVYrNNFW/vcPaTBUZ2ctGNSiOCA==",
      "requires": {
        "bluebird": "^3.3.4",
        "cluster-key-slot": "^1.0.6",
        "debug": "^2.6.9",
        "denque": "^1.1.0",
        "flexbuffer": "0.0.6",
        "lodash.assign": "^4.2.0",
        "lodash.bind": "^4.2.1",
        "lodash.clone": "^4.5.0",
        "lodash.clonedeep": "^4.5.0",
        "lodash.defaults": "^4.2.0",
        "lodash.difference": "^4.5.0",
        "lodash.flatten": "^4.4.0",
        "lodash.foreach": "^4.5.0",
        "lodash.isempty": "^4.4.0",
        "lodash.keys": "^4.2.0",
        "lodash.noop": "^3.0.1",
        "lodash.partial": "^4.2.1",
        "lodash.pick": "^4.4.0",
        "lodash.sample": "^4.2.1",
        "lodash.shuffle": "^4.2.0",
        "lodash.values": "^4.3.0",
        "redis-commands": "^1.2.0",
        "redis-parser": "^2.4.0"
      },
      "dependencies": {
        "debug": {
          "version": "2.6.9",
          "resolved": "https://registry.npmjs.org/debug/-/debug-2.6.9.tgz",
          "integrity": "sha512-bC7ElrdJaJnPbAP+1EotYvqZsb3ecl5wi6Bfi6BJTUcNowp6cvspg0jXznRTKDjm/E7AdgFBVeAPVMNcKGsHMA==",
          "requires": {
            "ms": "2.0.0"
          }
        },
        "ms": {
          "version": "2.0.0",
          "resolved": "https://registry.npmjs.org/ms/-/ms-2.0.0.tgz",
          "integrity": "sha1-VgiurfwAvmwpAd9fmGF4jeDVl8g="
        },
        "redis-parser": {
          "version": "2.6.0",
          "resolved": "https://registry.npmjs.org/redis-parser/-/redis-parser-2.6.0.tgz",
          "integrity": "sha1-Uu0J2srBCPGmMcB+m2mUHnoZUEs="
        }
      }
    },
    "is-arrayish": {
      "version": "0.3.2",
      "resolved": "https://registry.npmjs.org/is-arrayish/-/is-arrayish-0.3.2.tgz",
      "integrity": "sha512-eVRqCvVlZbuw3GrM63ovNSNAeA1K16kaR/LRY/92w0zxQ5/1YzwblUX652i4Xs9RwAGjW9d9y6X88t8OaAJfWQ=="
    },
    "is-obj": {
      "version": "1.0.1",
      "resolved": "https://registry.npmjs.org/is-obj/-/is-obj-1.0.1.tgz",
      "integrity": "sha1-PkcprB9f3gJc19g6iW2rn09n2w8="
    },
    "is-running": {
      "version": "2.1.0",
      "resolved": "https://registry.npmjs.org/is-running/-/is-running-2.1.0.tgz",
      "integrity": "sha1-MKc/9cw4VOT8JUkICen1q/jeCeA="
    },
    "isstream": {
      "version": "0.1.2",
      "resolved": "https://registry.npmjs.org/isstream/-/isstream-0.1.2.tgz",
      "integrity": "sha1-R+Y/evVa+m+S4VAOaQ64uFKcCZo="
    },
    "js2xmlparser": {
      "version": "4.0.0",
      "resolved": "https://registry.npmjs.org/js2xmlparser/-/js2xmlparser-4.0.0.tgz",
      "integrity": "sha512-WuNgdZOXVmBk5kUPMcTcVUpbGRzLfNkv7+7APq7WiDihpXVKrgxo6wwRpRl9OQeEBgKCVk9mR7RbzrnNWC8oBw==",
      "requires": {
        "xmlcreate": "^2.0.0"
      }
    },
    "jsdoc": {
      "version": "3.6.3",
      "resolved": "https://registry.npmjs.org/jsdoc/-/jsdoc-3.6.3.tgz",
      "integrity": "sha512-Yf1ZKA3r9nvtMWHO1kEuMZTlHOF8uoQ0vyo5eH7SQy5YeIiHM+B0DgKnn+X6y6KDYZcF7G2SPkKF+JORCXWE/A==",
      "requires": {
        "@babel/parser": "^7.4.4",
        "bluebird": "^3.5.4",
        "catharsis": "^0.8.11",
        "escape-string-regexp": "^2.0.0",
        "js2xmlparser": "^4.0.0",
        "klaw": "^3.0.0",
        "markdown-it": "^8.4.2",
        "markdown-it-anchor": "^5.0.2",
        "marked": "^0.7.0",
        "mkdirp": "^0.5.1",
        "requizzle": "^0.2.3",
        "strip-json-comments": "^3.0.1",
        "taffydb": "2.6.2",
        "underscore": "~1.9.1"
      }
    },
    "klaw": {
      "version": "3.0.0",
      "resolved": "https://registry.npmjs.org/klaw/-/klaw-3.0.0.tgz",
      "integrity": "sha512-0Fo5oir+O9jnXu5EefYbVK+mHMBeEVEy2cmctR1O1NECcCkPRreJKrS6Qt/j3KC2C148Dfo9i3pCmCMsdqGr0g==",
      "requires": {
        "graceful-fs": "^4.1.9"
      }
    },
    "kuler": {
      "version": "1.0.1",
      "resolved": "https://registry.npmjs.org/kuler/-/kuler-1.0.1.tgz",
      "integrity": "sha512-J9nVUucG1p/skKul6DU3PUZrhs0LPulNaeUOox0IyXDi8S4CztTHs1gQphhuZmzXG7VOQSf6NJfKuzteQLv9gQ==",
      "requires": {
        "colornames": "^1.1.1"
      }
    },
    "lie": {
      "version": "3.1.1",
      "resolved": "https://registry.npmjs.org/lie/-/lie-3.1.1.tgz",
      "integrity": "sha1-mkNrLMd0bKWd56QfpGmz77dr2H4=",
      "requires": {
        "immediate": "~3.0.5"
      }
    },
    "linkify-it": {
      "version": "2.2.0",
      "resolved": "https://registry.npmjs.org/linkify-it/-/linkify-it-2.2.0.tgz",
      "integrity": "sha512-GnAl/knGn+i1U/wjBz3akz2stz+HrHLsxMwHQGofCDfPvlf+gDKN58UtfmUquTY4/MXeE2x7k19KQmeoZi94Iw==",
      "requires": {
        "uc.micro": "^1.0.1"
      }
    },
    "localforage": {
      "version": "1.7.3",
      "resolved": "https://registry.npmjs.org/localforage/-/localforage-1.7.3.tgz",
      "integrity": "sha512-1TulyYfc4udS7ECSBT2vwJksWbkwwTX8BzeUIiq8Y07Riy7bDAAnxDaPU/tWyOVmQAcWJIEIFP9lPfBGqVoPgQ==",
      "requires": {
        "lie": "3.1.1"
      }
    },
    "lodash": {
      "version": "4.17.15",
      "resolved": "https://registry.npmjs.org/lodash/-/lodash-4.17.15.tgz",
      "integrity": "sha512-8xOcRHvCjnocdS5cpwXQXVzmmh5e5+saE2QGoeQmbKmRS6J3VQppPOIt0MnmE+4xlZoumy0GPG0D0MVIQbNA1A=="
    },
    "lodash.assign": {
      "version": "4.2.0",
      "resolved": "https://registry.npmjs.org/lodash.assign/-/lodash.assign-4.2.0.tgz",
      "integrity": "sha1-DZnzzNem0mHRm9rrkkUAXShYCOc="
    },
    "lodash.bind": {
      "version": "4.2.1",
      "resolved": "https://registry.npmjs.org/lodash.bind/-/lodash.bind-4.2.1.tgz",
      "integrity": "sha1-euMBfpOWIqwxt9fX3LGzTbFpDTU="
    },
    "lodash.clone": {
      "version": "4.5.0",
      "resolved": "https://registry.npmjs.org/lodash.clone/-/lodash.clone-4.5.0.tgz",
      "integrity": "sha1-GVhwRQ9aExkkeN9Lw9I9LeoZB7Y="
    },
    "lodash.clonedeep": {
      "version": "4.5.0",
      "resolved": "https://registry.npmjs.org/lodash.clonedeep/-/lodash.clonedeep-4.5.0.tgz",
      "integrity": "sha1-4j8/nE+Pvd6HJSnBBxhXoIblzO8="
    },
    "lodash.defaults": {
      "version": "4.2.0",
      "resolved": "https://registry.npmjs.org/lodash.defaults/-/lodash.defaults-4.2.0.tgz",
      "integrity": "sha1-0JF4cW/+pN3p5ft7N/bwgCJ0WAw="
    },
    "lodash.difference": {
      "version": "4.5.0",
      "resolved": "https://registry.npmjs.org/lodash.difference/-/lodash.difference-4.5.0.tgz",
      "integrity": "sha1-nMtOUF1Ia5FlE0V3KIWi3yf9AXw="
    },
    "lodash.flatten": {
      "version": "4.4.0",
      "resolved": "https://registry.npmjs.org/lodash.flatten/-/lodash.flatten-4.4.0.tgz",
      "integrity": "sha1-8xwiIlqWMtK7+OSt2+8kCqdlph8="
    },
    "lodash.foreach": {
      "version": "4.5.0",
      "resolved": "https://registry.npmjs.org/lodash.foreach/-/lodash.foreach-4.5.0.tgz",
      "integrity": "sha1-Gmo16s5AEoDH8G3d7DUWWrJ+PlM="
    },
    "lodash.isempty": {
      "version": "4.4.0",
      "resolved": "https://registry.npmjs.org/lodash.isempty/-/lodash.isempty-4.4.0.tgz",
      "integrity": "sha1-b4bL7di+TsmHvpqvM8loTbGzHn4="
    },
    "lodash.keys": {
      "version": "4.2.0",
      "resolved": "https://registry.npmjs.org/lodash.keys/-/lodash.keys-4.2.0.tgz",
      "integrity": "sha1-oIYCrBLk+4P5H8H7ejYKTZujUgU="
    },
    "lodash.noop": {
      "version": "3.0.1",
      "resolved": "https://registry.npmjs.org/lodash.noop/-/lodash.noop-3.0.1.tgz",
      "integrity": "sha1-OBiPTWUKOkdCWEObluxFsyYXEzw="
    },
    "lodash.partial": {
      "version": "4.2.1",
      "resolved": "https://registry.npmjs.org/lodash.partial/-/lodash.partial-4.2.1.tgz",
      "integrity": "sha1-SfPYz9qjv/izqR0SfpIyRUGJYdQ="
    },
    "lodash.pick": {
      "version": "4.4.0",
      "resolved": "https://registry.npmjs.org/lodash.pick/-/lodash.pick-4.4.0.tgz",
      "integrity": "sha1-UvBWEP/53tQiYRRB7R/BI6AwAbM="
    },
    "lodash.sample": {
      "version": "4.2.1",
      "resolved": "https://registry.npmjs.org/lodash.sample/-/lodash.sample-4.2.1.tgz",
      "integrity": "sha1-XkKRsMdT+hq+sKq4+ynfG2bwf20="
    },
    "lodash.shuffle": {
      "version": "4.2.0",
      "resolved": "https://registry.npmjs.org/lodash.shuffle/-/lodash.shuffle-4.2.0.tgz",
      "integrity": "sha1-FFtQU8+HX29cKjP0i26ZSMbse0s="
    },
    "lodash.values": {
      "version": "4.3.0",
      "resolved": "https://registry.npmjs.org/lodash.values/-/lodash.values-4.3.0.tgz",
      "integrity": "sha1-o6bCsOvsxcLLocF+bmIP6BtT00c="
    },
    "make-plural": {
      "version": "3.0.6",
      "resolved": "https://registry.npmjs.org/make-plural/-/make-plural-3.0.6.tgz",
      "integrity": "sha1-IDOgO6wpC487uRJY9lud9+iwHKc=",
      "requires": {
        "minimist": "^1.2.0"
      }
    },
    "markdown-it": {
      "version": "8.4.2",
      "resolved": "https://registry.npmjs.org/markdown-it/-/markdown-it-8.4.2.tgz",
      "integrity": "sha512-GcRz3AWTqSUphY3vsUqQSFMbgR38a4Lh3GWlHRh/7MRwz8mcu9n2IO7HOh+bXHrR9kOPDl5RNCaEsrneb+xhHQ==",
      "requires": {
        "argparse": "^1.0.7",
        "entities": "~1.1.1",
        "linkify-it": "^2.0.0",
        "mdurl": "^1.0.1",
        "uc.micro": "^1.0.5"
      }
    },
    "markdown-it-anchor": {
      "version": "5.2.4",
      "resolved": "https://registry.npmjs.org/markdown-it-anchor/-/markdown-it-anchor-5.2.4.tgz",
      "integrity": "sha512-n8zCGjxA3T+Mx1pG8HEgbJbkB8JFUuRkeTZQuIM8iPY6oQ8sWOPRZJDFC9a/pNg2QkHEjjGkhBEl/RSyzaDZ3A=="
    },
    "marked": {
      "version": "0.7.0",
      "resolved": "https://registry.npmjs.org/marked/-/marked-0.7.0.tgz",
      "integrity": "sha512-c+yYdCZJQrsRjTPhUx7VKkApw9bwDkNbHUKo1ovgcfDjb2kc8rLuRbIFyXL5WOEUwzSSKo3IXpph2K6DqB/KZg=="
    },
    "math-interval-parser": {
      "version": "1.1.0",
      "resolved": "https://registry.npmjs.org/math-interval-parser/-/math-interval-parser-1.1.0.tgz",
      "integrity": "sha1-2+2lsGsySZc8bfYXD94jhvCv2JM=",
      "requires": {
        "xregexp": "^2.0.0"
      }
    },
    "mdurl": {
      "version": "1.0.1",
      "resolved": "https://registry.npmjs.org/mdurl/-/mdurl-1.0.1.tgz",
      "integrity": "sha1-/oWy7HWlkDfyrf7BAP1sYBdhFS4="
    },
    "messageformat": {
      "version": "0.3.1",
      "resolved": "https://registry.npmjs.org/messageformat/-/messageformat-0.3.1.tgz",
      "integrity": "sha1-5Y//gkXps5cXmeW0PbWLPpQX9aI=",
      "requires": {
        "async": "~1.5.2",
        "glob": "~6.0.4",
        "make-plural": "~3.0.3",
        "nopt": "~3.0.6",
        "watchr": "~2.4.13"
      },
      "dependencies": {
        "async": {
          "version": "1.5.2",
          "resolved": "https://registry.npmjs.org/async/-/async-1.5.2.tgz",
          "integrity": "sha1-7GphrlZIDAw8skHJVhjiCJL5Zyo="
        }
      }
    },
    "millisecond": {
      "version": "0.1.2",
      "resolved": "https://registry.npmjs.org/millisecond/-/millisecond-0.1.2.tgz",
      "integrity": "sha1-bMWtOGJByrjniv+WT4cCjuyS2sU="
    },
    "mime": {
      "version": "1.6.0",
      "resolved": "https://registry.npmjs.org/mime/-/mime-1.6.0.tgz",
      "integrity": "sha512-x0Vn8spI+wuJ1O6S7gnbaQg8Pxh4NNHb7KSINmEWKiPE4RKOplvijn+NkmYmmRgP68mc70j2EbeTFRsrswaQeg=="
    },
    "minimatch": {
      "version": "3.0.4",
      "resolved": "https://registry.npmjs.org/minimatch/-/minimatch-3.0.4.tgz",
      "integrity": "sha512-yJHVQEhyqPLUTgt9B83PXu6W3rx4MvvHvSUvToogpwoGDOUQ+yDrR0HRot+yOCdCO7u4hX3pWft6kWBBcqh0UA==",
      "requires": {
        "brace-expansion": "^1.1.7"
      }
    },
    "minimist": {
      "version": "1.2.0",
      "resolved": "https://registry.npmjs.org/minimist/-/minimist-1.2.0.tgz",
      "integrity": "sha1-o1AIsg9BOD7sH7kU9M1d95omQoQ=",
      "optional": true
    },
    "mkdirp": {
      "version": "0.5.1",
      "resolved": "https://registry.npmjs.org/mkdirp/-/mkdirp-0.5.1.tgz",
      "integrity": "sha1-MAV0OOrGz3+MR2fzhkjWaX11yQM=",
      "requires": {
        "minimist": "0.0.8"
      },
      "dependencies": {
        "minimist": {
          "version": "0.0.8",
          "resolved": "https://registry.npmjs.org/minimist/-/minimist-0.0.8.tgz",
          "integrity": "sha1-hX/Kv8M5fSYluCKCYuhqp6ARsF0="
        }
      }
    },
    "ms": {
      "version": "2.1.2",
      "resolved": "https://registry.npmjs.org/ms/-/ms-2.1.2.tgz",
      "integrity": "sha512-sGkPx+VjMtmA6MX27oA4FBFELFCZZ4S4XqeGOXCv68tT+jb3vk/RyaKWP0PTKyWtmLSM0b+adUTEvbs1PEaH2w=="
    },
    "mustache": {
      "version": "3.1.0",
      "resolved": "https://registry.npmjs.org/mustache/-/mustache-3.1.0.tgz",
      "integrity": "sha512-3Bxq1R5LBZp7fbFPZzFe5WN4s0q3+gxZaZuZVY+QctYJiCiVgXHOTIC0/HgZuOPFt/6BQcx5u0H2CUOxT/RoGQ=="
    },
    "nanoid": {
      "version": "2.0.4",
      "resolved": "https://registry.npmjs.org/nanoid/-/nanoid-2.0.4.tgz",
      "integrity": "sha512-sOJnBmY3TJQBVIBqKHoifuwygrocXg3NjS9rZSMnVl05XWSHK7Qxb177AIZQyMDjP86bz+yneozj/h9qsPLcCA=="
    },
    "nedb": {
      "version": "1.8.0",
      "resolved": "https://registry.npmjs.org/nedb/-/nedb-1.8.0.tgz",
      "integrity": "sha1-DjUCzYLABNU1WkPJ5VV3vXvZHYg=",
      "requires": {
        "async": "0.2.10",
        "binary-search-tree": "0.2.5",
        "localforage": "^1.3.0",
        "mkdirp": "~0.5.1",
        "underscore": "~1.4.4"
      },
      "dependencies": {
        "async": {
          "version": "0.2.10",
          "resolved": "https://registry.npmjs.org/async/-/async-0.2.10.tgz",
          "integrity": "sha1-trvgsGdLnXGXCMo43owjfLUmw9E="
        },
        "underscore": {
          "version": "1.4.4",
          "resolved": "https://registry.npmjs.org/underscore/-/underscore-1.4.4.tgz",
          "integrity": "sha1-YaajIBBiKvoHljvzJSA88SI51gQ="
        }
      }
    },
    "node-resque": {
      "version": "4.0.9",
      "resolved": "https://registry.npmjs.org/node-resque/-/node-resque-4.0.9.tgz",
      "integrity": "sha512-TPVRigVmtlM9aCBj63VUuSlciC0DVnMJml6Qktvqb6/GzLChpvwv0/zourAHS6G0lvcY93puqOINCO7rLUy1pg==",
      "requires": {
        "async": "^2.0.1",
        "ioredis": "^3.0.0"
      }
    },
    "nopt": {
      "version": "3.0.6",
      "resolved": "https://registry.npmjs.org/nopt/-/nopt-3.0.6.tgz",
      "integrity": "sha1-xkZdvwirzU2zWTF/eaxopkayj/k=",
      "requires": {
        "abbrev": "1"
      }
    },
    "once": {
      "version": "1.4.0",
      "resolved": "https://registry.npmjs.org/once/-/once-1.4.0.tgz",
      "integrity": "sha1-WDsap3WWHUsROsF9nFC6753Xa9E=",
      "requires": {
        "wrappy": "1"
      }
    },
    "optimist": {
      "version": "0.6.1",
      "resolved": "https://registry.npmjs.org/optimist/-/optimist-0.6.1.tgz",
      "integrity": "sha1-2j6nRob6IaGaERwybpDrFaAZZoY=",
      "requires": {
        "minimist": "~0.0.1",
        "wordwrap": "~0.0.2"
      },
      "dependencies": {
        "minimist": {
          "version": "0.0.10",
          "resolved": "https://registry.npmjs.org/minimist/-/minimist-0.0.10.tgz",
          "integrity": "sha1-3j+YVD2/lggr5IrRoMfNqDYwHc8="
        }
      }
    },
    "path-is-absolute": {
      "version": "1.0.1",
      "resolved": "https://registry.npmjs.org/path-is-absolute/-/path-is-absolute-1.0.1.tgz",
      "integrity": "sha1-F0uSaHNVNP+8es5r9TpanhtcX18="
    },
    "predefine": {
      "version": "0.1.2",
      "resolved": "https://registry.npmjs.org/predefine/-/predefine-0.1.2.tgz",
      "integrity": "sha1-KqkrRJa8H4VU5DpF92v75Q0z038=",
      "requires": {
        "extendible": "0.1.x"
      }
    },
    "primus": {
      "version": "7.3.3",
      "resolved": "https://registry.npmjs.org/primus/-/primus-7.3.3.tgz",
      "integrity": "sha512-e/w6bY8I/7Y7gWV/yew9rodf682wNP0sGnHiXstf3WIndzMFBqOwKdbkr89w4MfdaUvZ3SkwwGGieDKuVVSPmQ==",
      "requires": {
        "access-control": "~1.0.0",
        "asyncemit": "~3.0.1",
        "create-server": "~1.0.1",
        "diagnostics": "~2.0.0",
        "eventemitter3": "~3.1.0",
        "forwarded-for": "~1.0.1",
        "fusing": "~1.0.0",
        "nanoid": "~2.0.0",
        "setheader": "~1.0.0",
        "ultron": "~1.1.0"
      }
    },
    "qs": {
      "version": "6.9.0",
      "resolved": "https://registry.npmjs.org/qs/-/qs-6.9.0.tgz",
      "integrity": "sha512-27RP4UotQORTpmNQDX8BHPukOnBP3p1uUJY5UnDhaJB+rMt9iMsok724XL+UHU23bEFOHRMQ2ZhI99qOWUMGFA=="
    },
    "redis": {
      "version": "2.6.0-0",
      "resolved": "https://registry.npmjs.org/redis/-/redis-2.6.0-0.tgz",
      "integrity": "sha1-c/Z03T5Uo6dnA9HtJga05gC+B20=",
      "requires": {
        "double-ended-queue": "^2.1.0-0",
        "redis-commands": "^1.1.0",
        "redis-parser": "^1.2.0"
      }
    },
    "redis-commands": {
      "version": "1.5.0",
      "resolved": "https://registry.npmjs.org/redis-commands/-/redis-commands-1.5.0.tgz",
      "integrity": "sha512-6KxamqpZ468MeQC3bkWmCB1fp56XL64D4Kf0zJSwDZbVLLm7KFkoIcHrgRvQ+sk8dnhySs7+yBg94yIkAK7aJg=="
    },
    "redis-parser": {
      "version": "1.3.0",
      "resolved": "https://registry.npmjs.org/redis-parser/-/redis-parser-1.3.0.tgz",
      "integrity": "sha1-gG6+e7+3005NfB6e8oLvz60EEmo="
    },
    "requizzle": {
      "version": "0.2.3",
      "resolved": "https://registry.npmjs.org/requizzle/-/requizzle-0.2.3.tgz",
      "integrity": "sha512-YanoyJjykPxGHii0fZP0uUPEXpvqfBDxWV7s6GKAiiOsiqhX6vHNyW3Qzdmqp/iq/ExbhaGbVrjB4ruEVSM4GQ==",
      "requires": {
        "lodash": "^4.17.14"
      }
    },
    "safe-buffer": {
      "version": "5.1.2",
      "resolved": "https://registry.npmjs.org/safe-buffer/-/safe-buffer-5.1.2.tgz",
      "integrity": "sha512-Gd2UZBJDkXlY7GbJxfsE8/nvKkUEU1G38c1siN6QP6a9PT9MmHB8GnpscSmMJSoF8LOIrt8ud/wPtojys4G6+g=="
    },
    "safefs": {
      "version": "3.2.2",
      "resolved": "https://registry.npmjs.org/safefs/-/safefs-3.2.2.tgz",
      "integrity": "sha1-gXDBRE1wOOCMrqBaN0+uL6NJ4Vw=",
      "requires": {
        "graceful-fs": "*"
      }
    },
    "scandirectory": {
      "version": "2.5.0",
      "resolved": "https://registry.npmjs.org/scandirectory/-/scandirectory-2.5.0.tgz",
      "integrity": "sha1-bOA/VKCQtmjjy+2/IO354xBZPnI=",
      "requires": {
        "ignorefs": "^1.0.0",
        "safefs": "^3.1.2",
        "taskgroup": "^4.0.5"
      }
    },
    "semver": {
      "version": "6.3.0",
      "resolved": "https://registry.npmjs.org/semver/-/semver-6.3.0.tgz",
      "integrity": "sha512-b39TBaTSfV6yBrapU89p5fKekE2m/NwnDocOVruQFS1/veMgdzuPcnOM34M6CwxW8jH/lxEa5rBoDeUwu5HHTw=="
    },
    "setheader": {
      "version": "1.0.2",
      "resolved": "https://registry.npmjs.org/setheader/-/setheader-1.0.2.tgz",
      "integrity": "sha512-A704nIwzqGed0CnJZIqDE+0udMPS839ocgf1R9OJ8aq8vw4U980HWeNaD9ec8VnmBni9lyGEWDedOWXT/C5kxA==",
      "requires": {
        "diagnostics": "1.x.x"
      },
      "dependencies": {
        "diagnostics": {
          "version": "1.1.1",
          "resolved": "https://registry.npmjs.org/diagnostics/-/diagnostics-1.1.1.tgz",
          "integrity": "sha512-8wn1PmdunLJ9Tqbx+Fx/ZEuHfJf4NKSN2ZBj7SJC/OWRWha843+WsTjqMe1B5E3p28jqBlp+mJ2fPVxPyNgYKQ==",
          "requires": {
            "colorspace": "1.1.x",
            "enabled": "1.0.x",
            "kuler": "1.0.x"
          }
        }
      }
    },
    "simple-swizzle": {
      "version": "0.2.2",
      "resolved": "https://registry.npmjs.org/simple-swizzle/-/simple-swizzle-0.2.2.tgz",
      "integrity": "sha1-pNprY1/8zMoz9w0Xy5JZLeleVXo=",
      "requires": {
        "is-arrayish": "^0.3.1"
      }
    },
    "source-map": {
      "version": "0.6.1",
      "resolved": "https://registry.npmjs.org/source-map/-/source-map-0.6.1.tgz",
      "integrity": "sha512-UjgapumWlbMhkBgzT7Ykc5YXUT46F0iKu8SGXq0bcwP5dz/h0Plj6enJqjz1Zbq2l5WaqYnrVbwWOWMyF3F47g=="
    },
    "sprintf-js": {
      "version": "1.1.2",
      "resolved": "https://registry.npmjs.org/sprintf-js/-/sprintf-js-1.1.2.tgz",
      "integrity": "sha512-VE0SOVEHCk7Qc8ulkWw3ntAzXuqf7S2lvwQaDLRnUeIEaKNQJzV6BwmLKhOqT61aGhfUMrXeaBk+oDGCzvhcug=="
    },
    "stack-trace": {
      "version": "0.0.10",
      "resolved": "https://registry.npmjs.org/stack-trace/-/stack-trace-0.0.10.tgz",
      "integrity": "sha1-VHxws0fo0ytOEI6hoqFZ5f3eGcA="
    },
    "storage-engine": {
      "version": "3.0.7",
      "resolved": "https://registry.npmjs.org/storage-engine/-/storage-engine-3.0.7.tgz",
      "integrity": "sha512-V/jJykpPdsyDImLwu19syIAWn/Tb41tBDikQS+aQPH2h2OgqdLxwOg7wI9nPH3Y0Mh1ce566JZl2u+4eH1nAsg==",
      "requires": {
        "enabled": "^2.0.0",
        "eventemitter3": "^4.0.0"
      },
      "dependencies": {
        "enabled": {
          "version": "2.0.0",
          "resolved": "https://registry.npmjs.org/enabled/-/enabled-2.0.0.tgz",
          "integrity": "sha512-AKrN98kuwOzMIdAizXGI86UFBoo26CL21UM763y1h/GMSJ4/OHU9k2YlsmBpyScFo/wbLzWQJBMCW4+IO3/+OQ=="
        },
        "eventemitter3": {
          "version": "4.0.0",
          "resolved": "https://registry.npmjs.org/eventemitter3/-/eventemitter3-4.0.0.tgz",
          "integrity": "sha512-qerSRB0p+UDEssxTtm6EDKcE7W4OaoisfIMl4CngyEhjpYglocpNg6UEqCvemdGhosAsg4sO2dXJOdyBifPGCg=="
        }
      }
    },
    "strip-json-comments": {
      "version": "3.0.1",
      "resolved": "https://registry.npmjs.org/strip-json-comments/-/strip-json-comments-3.0.1.tgz",
      "integrity": "sha512-VTyMAUfdm047mwKl+u79WIdrZxtFtn+nBxHeb844XBQ9uMNTuTHdx2hc5RiAJYqwTj3wc/xe5HLSdJSkJ+WfZw=="
    },
    "taffydb": {
      "version": "2.6.2",
      "resolved": "https://registry.npmjs.org/taffydb/-/taffydb-2.6.2.tgz",
      "integrity": "sha1-fLy2S1oUG2ou/CxdLGe04VCyomg="
    },
    "taskgroup": {
      "version": "4.3.1",
      "resolved": "https://registry.npmjs.org/taskgroup/-/taskgroup-4.3.1.tgz",
      "integrity": "sha1-feGT/r12gnPEV3MElwJNUSwnkVo=",
      "requires": {
        "ambi": "^2.2.0",
        "csextends": "^1.0.3"
      }
    },
    "text-hex": {
      "version": "1.0.0",
      "resolved": "https://registry.npmjs.org/text-hex/-/text-hex-1.0.0.tgz",
      "integrity": "sha512-uuVGNWzgJ4yhRaNSiubPY7OjISw4sw4E5Uv0wbjp+OzcbmVU/rsT8ujgcXJhn9ypzsgr5vlzpPqP+MBBKcGvbg=="
    },
    "typechecker": {
      "version": "2.1.0",
      "resolved": "https://registry.npmjs.org/typechecker/-/typechecker-2.1.0.tgz",
      "integrity": "sha1-0cIJOlT/ihn1jP+HfuqlTyJC04M="
    },
    "uc.micro": {
      "version": "1.0.6",
      "resolved": "https://registry.npmjs.org/uc.micro/-/uc.micro-1.0.6.tgz",
      "integrity": "sha512-8Y75pvTYkLJW2hWQHXxoqRgV7qb9B+9vFEtidML+7koHUFapnVJAZ6cKs+Qjz5Aw3aZWHMC6u0wJE3At+nSGwA=="
    },
    "uglify-js": {
      "version": "3.6.0",
      "resolved": "https://registry.npmjs.org/uglify-js/-/uglify-js-3.6.0.tgz",
      "integrity": "sha512-W+jrUHJr3DXKhrsS7NUVxn3zqMOFn0hL/Ei6v0anCIMoKC93TjcflTagwIHLW7SfMFfiQuktQyFVCFHGUE0+yg==",
      "requires": {
        "commander": "~2.20.0",
        "source-map": "~0.6.1"
      }
    },
    "ultron": {
      "version": "1.1.1",
      "resolved": "https://registry.npmjs.org/ultron/-/ultron-1.1.1.tgz",
      "integrity": "sha512-UIEXBNeYmKptWH6z8ZnqTeS8fV74zG0/eRU9VGkpzz+LIJNs8W/zM/L+7ctCkRrgbNnnR0xxw4bKOr0cW0N0Og=="
    },
    "underscore": {
      "version": "1.9.1",
      "resolved": "https://registry.npmjs.org/underscore/-/underscore-1.9.1.tgz",
      "integrity": "sha512-5/4etnCkd9c8gwgowi5/om/mYO5ajCaOgdzj/oW+0eQV9WxKBDZw5+ycmKmeaTXjInS/W0BzpGLo2xR2aBwZdg=="
    },
    "uuid": {
      "version": "3.3.3",
      "resolved": "https://registry.npmjs.org/uuid/-/uuid-3.3.3.tgz",
      "integrity": "sha512-pW0No1RGHgzlpHJO1nsVrHKpOEIxkGg1xB+v0ZmdNH5OAeAwzAVrCnI2/6Mtx+Uys6iaylxa+D3g4j63IKKjSQ=="
    },
    "vary": {
      "version": "1.1.2",
      "resolved": "https://registry.npmjs.org/vary/-/vary-1.1.2.tgz",
      "integrity": "sha1-IpnwLG3tMNSllhsLn3RSShj2NPw="
    },
    "watchr": {
      "version": "2.4.13",
      "resolved": "https://registry.npmjs.org/watchr/-/watchr-2.4.13.tgz",
      "integrity": "sha1-10hHu01vkPYf4sdPn2hmKqDgdgE=",
      "requires": {
        "eachr": "^2.0.2",
        "extendr": "^2.1.0",
        "extract-opts": "^2.2.0",
        "ignorefs": "^1.0.0",
        "safefs": "^3.1.2",
        "scandirectory": "^2.5.0",
        "taskgroup": "^4.2.0",
        "typechecker": "^2.0.8"
      }
    },
    "winston": {
      "version": "2.4.4",
      "resolved": "https://registry.npmjs.org/winston/-/winston-2.4.4.tgz",
      "integrity": "sha512-NBo2Pepn4hK4V01UfcWcDlmiVTs7VTB1h7bgnB0rgP146bYhMxX0ypCz3lBOfNxCO4Zuek7yeT+y/zM1OfMw4Q==",
      "requires": {
        "async": "~1.0.0",
        "colors": "1.0.x",
        "cycle": "1.0.x",
        "eyes": "0.1.x",
        "isstream": "0.1.x",
        "stack-trace": "0.0.x"
      },
      "dependencies": {
        "async": {
          "version": "1.0.0",
          "resolved": "https://registry.npmjs.org/async/-/async-1.0.0.tgz",
          "integrity": "sha1-+PwEyjoTeErenhZBr5hXjPvWR6k="
        }
      }
    },
    "wordwrap": {
      "version": "0.0.3",
      "resolved": "https://registry.npmjs.org/wordwrap/-/wordwrap-0.0.3.tgz",
      "integrity": "sha1-o9XabNXAvAAI03I0u68b7WMFkQc="
    },
    "wrappy": {
      "version": "1.0.2",
      "resolved": "https://registry.npmjs.org/wrappy/-/wrappy-1.0.2.tgz",
      "integrity": "sha1-tSQ9jz7BqjXxNkYFvA0QNuMKtp8="
    },
    "ws": {
      "version": "3.3.3",
      "resolved": "https://registry.npmjs.org/ws/-/ws-3.3.3.tgz",
      "integrity": "sha512-nnWLa/NwZSt4KQJu51MYlCcSQ5g7INpOrOMt4XV8j4dqTXdmlUmSHQ8/oLC069ckre0fRsgfvsKwbTdtKLCDkA==",
      "requires": {
        "async-limiter": "~1.0.0",
        "safe-buffer": "~5.1.0",
        "ultron": "~1.1.0"
      }
    },
    "xmlcreate": {
      "version": "2.0.1",
      "resolved": "https://registry.npmjs.org/xmlcreate/-/xmlcreate-2.0.1.tgz",
      "integrity": "sha512-MjGsXhKG8YjTKrDCXseFo3ClbMGvUD4en29H2Cev1dv4P/chlpw6KdYmlCWDkhosBVKRDjM836+3e3pm1cBNJA=="
    },
    "xregexp": {
      "version": "2.0.0",
      "resolved": "https://registry.npmjs.org/xregexp/-/xregexp-2.0.0.tgz",
      "integrity": "sha1-UqY+VsoLhKfzpfPWGHLxJq16WUM="
    }
  }
}
